
Microsoft Visual Studio Solution File, Format Version 12.00
# Visual Studio 2015
Project("{FAE04EC0-301F-11D3-BF4B-00C04F79EFBC}") = "Global.CSharp.Plugins", "Global.CSharp.Plugins.csproj", "{56CB95B2-03CD-77C9-C900-AB9DA8904A12}"
EndProject
Project("{FAE04EC0-301F-11D3-BF4B-00C04F79EFBC}") = "Global.CSharp", "Global.CSharp.csproj", "{81658A77-421C-9D2E-6952-C1BA758204F6}"
EndProject
Project("{FAE04EC0-301F-11D3-BF4B-00C04F79EFBC}") = "Global.CSharp.Editor", "Global.CSharp.Editor.csproj", "{ECE67060-F99F-FCBA-1ABE-722EBBEBAC3B}"
EndProject
Global
	GlobalSection(SolutionConfigurationPlatforms) = preSolution
		Debug|Any CPU = Debug|Any CPU
		Release|Any CPU = Release|Any CPU
	EndGlobalSection
	GlobalSection(ProjectConfigurationPlatforms) = postSolution
		{56CB95B2-03CD-77C9-C900-AB9DA8904A12}.Debug|Any CPU.ActiveCfg = Debug|Any CPU
		{56CB95B2-03CD-77C9-C900-AB9DA8904A12}.Debug|Any CPU.Build.0 = Debug|Any CPU
		{56CB95B2-03CD-77C9-C900-AB9DA8904A12}.Release|Any CPU.ActiveCfg = Release|Any CPU
		{56CB95B2-03CD-77C9-C900-AB9DA8904A12}.Release|Any CPU.Build.0 = Release|Any CPU
		{81658A77-421C-9D2E-6952-C1BA758204F6}.Debug|Any CPU.ActiveCfg = Debug|Any CPU
		{81658A77-421C-9D2E-6952-C1BA758204F6}.Debug|Any CPU.Build.0 = Debug|Any CPU
		{81658A77-421C-9D2E-6952-C1BA758204F6}.Release|Any CPU.ActiveCfg = Release|Any CPU
		{81658A77-421C-9D2E-6952-C1BA758204F6}.Release|Any CPU.Build.0 = Release|Any CPU
		{ECE67060-F99F-FCBA-1ABE-722EBBEBAC3B}.Debug|Any CPU.ActiveCfg = Debug|Any CPU
		{ECE67060-F99F-FCBA-1ABE-722EBBEBAC3B}.Debug|Any CPU.Build.0 = Debug|Any CPU
		{ECE67060-F99F-FCBA-1ABE-722EBBEBAC3B}.Release|Any CPU.ActiveCfg = Release|Any CPU
		{ECE67060-F99F-FCBA-1ABE-722EBBEBAC3B}.Release|Any CPU.Build.0 = Release|Any CPU
	EndGlobalSection
	GlobalSection(SolutionProperties) = preSolution
		HideSolutionNode = FALSE
	EndGlobalSection
EndGlobal
